dependencies:
  '@masx200/async-task-current-limiter': 1.0.9
  '@shanyue/promise-utils': 2.0.4
  find: 0.3.0
  fs-extra: 9.0.1
devDependencies:
  '@types/find': 0.2.1
  '@types/fs-extra': 9.0.1
  '@types/node': 14.10.2
  prettier: 2.1.2
  tslib: 2.0.1
  typescript: 4.0.2
lockfileVersion: 5.1
packages:
  /@masx200/async-task-current-limiter/1.0.9:
    dependencies:
      '@masx200/event-emitter-target': 1.1.7
    dev: false
    resolution:
      integrity: sha1-I8oTjkz2tdvDCERHU5SuMVSpUdw=
      tarball: '@masx200/async-task-current-limiter/download/@masx200/async-task-current-limiter-1.0.9.tgz'
  /@masx200/event-emitter-target/1.1.7:
    dev: false
    resolution:
      integrity: sha1-EXV6gFMUiG7LVKWqX6toFbM7CRM=
      tarball: '@masx200/event-emitter-target/download/@masx200/event-emitter-target-1.1.7.tgz'
  /@shanyue/promise-utils/2.0.4:
    dev: false
    engines:
      node: '>=10'
    resolution:
      integrity: sha1-UAon/c8gcTAKxXHP8bOX2TT/pF4=
      tarball: '@shanyue/promise-utils/download/@shanyue/promise-utils-2.0.4.tgz'
  /@types/find/0.2.1:
    dev: true
    resolution:
      integrity: sha1-6NDXqVK+LZB2jW+N1/LmYwuyYPg=
      tarball: '@types/find/download/@types/find-0.2.1.tgz'
  /@types/fs-extra/9.0.1:
    dependencies:
      '@types/node': 14.10.2
    dev: true
    resolution:
      integrity: sha1-kcj8TFH21dvkTCypqwkxC9AMeRg=
      tarball: '@types/fs-extra/download/@types/fs-extra-9.0.1.tgz'
  /@types/node/14.10.2:
    dev: true
    resolution:
      integrity: sha1-m0eiyOTavU23O1fnULJK9olgBRQ=
      tarball: '@types/node/download/@types/node-14.10.2.tgz'
  /at-least-node/1.0.0:
    dev: false
    engines:
      node: '>= 4.0.0'
    resolution:
      integrity: sha1-YCzUtG6EStTv/JKoARo8RuAjjcI=
      tarball: at-least-node/download/at-least-node-1.0.0.tgz
  /find/0.3.0:
    dependencies:
      traverse-chain: 0.1.0
    dev: false
    resolution:
      integrity: sha1-QILo/I2DIPGjgrXk9SG5vFB3XLg=
      tarball: find/download/find-0.3.0.tgz
  /fs-extra/9.0.1:
    dependencies:
      at-least-node: 1.0.0
      graceful-fs: 4.2.4
      jsonfile: 6.0.1
      universalify: 1.0.0
    dev: false
    engines:
      node: '>=10'
    resolution:
      integrity: sha1-kQ2gBiQ3ukw5/t2GPxZ1zP78ufw=
      tarball: fs-extra/download/fs-extra-9.0.1.tgz
  /graceful-fs/4.2.4:
    dev: false
    resolution:
      integrity: sha1-Ila94U02MpWMRl68ltxGfKB6Kfs=
      tarball: graceful-fs/download/graceful-fs-4.2.4.tgz?cache=0&sync_timestamp=1588086876757&other_urls=https%3A%2F%2Fregistry.npm.taobao.org%2Fgraceful-fs%2Fdownload%2Fgraceful-fs-4.2.4.tgz
  /jsonfile/6.0.1:
    dependencies:
      universalify: 1.0.0
    dev: false
    optionalDependencies:
      graceful-fs: 4.2.4
    resolution:
      integrity: sha1-mJZsuiFDeMjIS4LghZB7QL9hQXk=
      tarball: jsonfile/download/jsonfile-6.0.1.tgz
  /prettier/2.1.2:
    dev: true
    engines:
      node: '>=10.13.0'
    hasBin: true
    resolution:
      integrity: sha1-MFBwDa4uTItnxMP2Zs24r0BeHOU=
      tarball: prettier/download/prettier-2.1.2.tgz
  /traverse-chain/0.1.0:
    dev: false
    resolution:
      integrity: sha1-YdvC1Ttp/2CRoSoWj9fUMxB+QPE=
      tarball: traverse-chain/download/traverse-chain-0.1.0.tgz
  /tslib/2.0.1:
    dev: true
    resolution:
      integrity: sha1-QQ6w0RPltjVkkO7HSWA3JbAhtD4=
      tarball: tslib/download/tslib-2.0.1.tgz?cache=0&sync_timestamp=1596764182430&other_urls=https%3A%2F%2Fregistry.npm.taobao.org%2Ftslib%2Fdownload%2Ftslib-2.0.1.tgz
  /typescript/4.0.2:
    dev: true
    engines:
      node: '>=4.2.0'
    hasBin: true
    resolution:
      integrity: sha1-fqfIh3fHI8aB4zv3mIvl0AjQWsI=
      tarball: typescript/download/typescript-4.0.2.tgz
  /universalify/1.0.0:
    dev: false
    engines:
      node: '>= 10.0.0'
    resolution:
      integrity: sha1-thodoXPoQ1sv48Z9Kbmt+FlL0W0=
      tarball: universalify/download/universalify-1.0.0.tgz
specifiers:
  '@masx200/async-task-current-limiter': ^1.0.9
  '@shanyue/promise-utils': ^2.0.4
  '@types/find': ^0.2.1
  '@types/fs-extra': ^9.0.1
  '@types/node': ^14.10.2
  find: ^0.3.0
  fs-extra: ^9.0.1
  prettier: ^2.1.2
  tslib: ^2.0.1
  typescript: ^4.0.2
