# THIS IS AN AUTOGENERATED FILE. DO NOT EDIT THIS FILE DIRECTLY.
# yarn lockfile v1


"@masx200/async-task-current-limiter@^1.0.8":
  version "1.0.8"
  resolved "https://registry.npm.taobao.org/@masx200/async-task-current-limiter/download/@masx200/async-task-current-limiter-1.0.8.tgz#cb23867600889c470f1806c9ec6cb60c3505f5ef"
  integrity sha1-yyOGdgCInEcPGAbJ7Gy2DDUF9e8=
  dependencies:
    "@masx200/event-emitter-target" "^1.1.7"

"@masx200/event-emitter-target@^1.1.7":
  version "1.1.7"
  resolved "https://registry.npm.taobao.org/@masx200/event-emitter-target/download/@masx200/event-emitter-target-1.1.7.tgz#11757a805314886ecb54a5aa5fab6815b33b0913"
  integrity sha1-EXV6gFMUiG7LVKWqX6toFbM7CRM=

"@types/find@^0.2.1":
  version "0.2.1"
  resolved "https://registry.npmjs.org/@types/find/-/find-0.2.1.tgz#e8d0d7a952be2d90768d6f8dd7f2e6630bb260f8"
  integrity sha512-qUrCBlWoo9ij6ZEMx8G2WEjkdpofFks37/eZSDce7e0BY8lCYS2u7dVAoBy6AKRGX8z/ukllrUAyQ8h+/zlW9w==

"@types/fs-extra@^8.0.1":
  version "8.0.1"
  resolved "https://registry.npmjs.org/@types/fs-extra/-/fs-extra-8.0.1.tgz#a2378d6e7e8afea1564e44aafa2e207dadf77686"
  integrity sha512-J00cVDALmi/hJOYsunyT52Hva5TnJeKP5yd1r+mH/ZU0mbYZflR0Z5kw5kITtKTRYMhm1JMClOFYdHnQszEvqw==
  dependencies:
    "@types/node" "*"

"@types/node@*", "@types/node@^13.7.1":
  version "13.7.1"
  resolved "https://registry.npmjs.org/@types/node/-/node-13.7.1.tgz#238eb34a66431b71d2aaddeaa7db166f25971a0d"
  integrity sha512-Zq8gcQGmn4txQEJeiXo/KiLpon8TzAl0kmKH4zdWctPj05nWwp1ClMdAVEloqrQKfaC48PNLdgN/aVaLqUrluA==

find@^0.3.0:
  version "0.3.0"
  resolved "https://registry.npmjs.org/find/-/find-0.3.0.tgz#4082e8fc8d8320f1a382b5e4f521b9bc50775cb8"
  integrity sha512-iSd+O4OEYV/I36Zl8MdYJO0xD82wH528SaCieTVHhclgiYNe9y+yPKSwK+A7/WsmHL1EZ+pYUJBXWTL5qofksw==
  dependencies:
    traverse-chain "~0.1.0"

fs-extra@^8.1.0:
  version "8.1.0"
  resolved "https://registry.npmjs.org/fs-extra/-/fs-extra-8.1.0.tgz#49d43c45a88cd9677668cb7be1b46efdb8d2e1c0"
  integrity sha512-yhlQgA6mnOJUKOsRUFsgJdQCvkKhcz8tlZG5HBQfReYZy46OwLcY+Zia0mtdHsOo9y/hP+CxMN0TU9QxoOtG4g==
  dependencies:
    graceful-fs "^4.2.0"
    jsonfile "^4.0.0"
    universalify "^0.1.0"

graceful-fs@^4.1.6, graceful-fs@^4.2.0:
  version "4.2.3"
  resolved "https://registry.npmjs.org/graceful-fs/-/graceful-fs-4.2.3.tgz#4a12ff1b60376ef09862c2093edd908328be8423"
  integrity sha512-a30VEBm4PEdx1dRB7MFK7BejejvCvBronbLjht+sHuGYj8PHs7M/5Z+rt5lw551vZ7yfTCj4Vuyy3mSJytDWRQ==

jsonfile@^4.0.0:
  version "4.0.0"
  resolved "https://registry.npmjs.org/jsonfile/-/jsonfile-4.0.0.tgz#8771aae0799b64076b76640fca058f9c10e33ecb"
  integrity sha1-h3Gq4HmbZAdrdmQPygWPnBDjPss=
  optionalDependencies:
    graceful-fs "^4.1.6"

prettier@^2.0.5:
  version "2.0.5"
  resolved "https://registry.npm.taobao.org/prettier/download/prettier-2.0.5.tgz#d6d56282455243f2f92cc1716692c08aa31522d4"
  integrity sha1-1tVigkVSQ/L5LMFxZpLAiqMVItQ=

traverse-chain@~0.1.0:
  version "0.1.0"
  resolved "https://registry.npmjs.org/traverse-chain/-/traverse-chain-0.1.0.tgz#61dbc2d53b69ff6091a12a168fd7d433107e40f1"
  integrity sha1-YdvC1Ttp/2CRoSoWj9fUMxB+QPE=

tslib@^1.10.0:
  version "1.10.0"
  resolved "https://registry.npmjs.org/tslib/-/tslib-1.10.0.tgz#c3c19f95973fb0a62973fb09d90d961ee43e5c8a"
  integrity sha512-qOebF53frne81cf0S9B41ByenJ3/IuH8yJKngAX35CmiZySA0khhkovshKK+jGCaMnVomla7gVlIcc3EvKPbTQ==

typescript@^3.9.7:
  version "3.9.7"
  resolved "https://registry.npm.taobao.org/typescript/download/typescript-3.9.7.tgz?cache=0&sync_timestamp=1596266269891&other_urls=https%3A%2F%2Fregistry.npm.taobao.org%2Ftypescript%2Fdownload%2Ftypescript-3.9.7.tgz#98d600a5ebdc38f40cb277522f12dc800e9e25fa"
  integrity sha1-mNYApevcOPQMsndSLxLcgA6eJfo=

universalify@^0.1.0:
  version "0.1.2"
  resolved "https://registry.npmjs.org/universalify/-/universalify-0.1.2.tgz#b646f69be3942dabcecc9d6639c80dc105efaa66"
  integrity sha512-rBJeI5CXAlmy1pV+617WB9J63U6XcazHHF2f2dbJix4XzpUF0RS3Zbj0FGIOCAva5P/d/GBOYaACQ1w+0azUkg==
